
Microsoft Visual Studio Solution File, Format Version 12.00
# Visual Studio Version 17
VisualStudioVersion = 17.14.36623.8
MinimumVisualStudioVersion = 10.0.40219.1
Project("{8BC9CEB8-8B4A-11D0-8D11-00A0C91BC942}") = "Project-Pr", "Project-Pr\Project-Pr.vcxproj", "{9BE2BBE6-B7F2-4D22-8256-FE924AB472A3}"
EndProject
Project("{8BC9CEB8-8B4A-11D0-8D11-00A0C91BC942}") = "Test", "Test\Test.vcxproj", "{F4318D5A-570C-4CEF-B064-82DBAB37B5B4}"
EndProject
Global
	GlobalSection(SolutionConfigurationPlatforms) = preSolution
		Debug|x64 = Debug|x64
		Debug|x86 = Debug|x86
		Release|x64 = Release|x64
		Release|x86 = Release|x86
	EndGlobalSection
	GlobalSection(ProjectConfigurationPlatforms) = postSolution
		{9BE2BBE6-B7F2-4D22-8256-FE924AB472A3}.Debug|x64.ActiveCfg = Debug|x64
		{9BE2BBE6-B7F2-4D22-8256-FE924AB472A3}.Debug|x64.Build.0 = Debug|x64
		{9BE2BBE6-B7F2-4D22-8256-FE924AB472A3}.Debug|x86.ActiveCfg = Debug|Win32
		{9BE2BBE6-B7F2-4D22-8256-FE924AB472A3}.Debug|x86.Build.0 = Debug|Win32
		{9BE2BBE6-B7F2-4D22-8256-FE924AB472A3}.Release|x64.ActiveCfg = Release|x64
		{9BE2BBE6-B7F2-4D22-8256-FE924AB472A3}.Release|x64.Build.0 = Release|x64
		{9BE2BBE6-B7F2-4D22-8256-FE924AB472A3}.Release|x86.ActiveCfg = Release|Win32
		{9BE2BBE6-B7F2-4D22-8256-FE924AB472A3}.Release|x86.Build.0 = Release|Win32
		{F4318D5A-570C-4CEF-B064-82DBAB37B5B4}.Debug|x64.ActiveCfg = Debug|x64
		{F4318D5A-570C-4CEF-B064-82DBAB37B5B4}.Debug|x64.Build.0 = Debug|x64
		{F4318D5A-570C-4CEF-B064-82DBAB37B5B4}.Debug|x86.ActiveCfg = Debug|Win32
		{F4318D5A-570C-4CEF-B064-82DBAB37B5B4}.Debug|x86.Build.0 = Debug|Win32
		{F4318D5A-570C-4CEF-B064-82DBAB37B5B4}.Release|x64.ActiveCfg = Release|x64
		{F4318D5A-570C-4CEF-B064-82DBAB37B5B4}.Release|x64.Build.0 = Release|x64
		{F4318D5A-570C-4CEF-B064-82DBAB37B5B4}.Release|x86.ActiveCfg = Release|Win32
		{F4318D5A-570C-4CEF-B064-82DBAB37B5B4}.Release|x86.Build.0 = Release|Win32
	EndGlobalSection
	GlobalSection(SolutionProperties) = preSolution
		HideSolutionNode = FALSE
	EndGlobalSection
	GlobalSection(ExtensibilityGlobals) = postSolution
		SolutionGuid = {C7A57980-B305-457C-AB5B-7E6E49F70FD3}
	EndGlobalSection
EndGlobal
